
Microsoft Visual Studio Solution File, Format Version 12.00
# Visual Studio 15
Project("{FAE04EC0-301F-11D3-BF4B-00C04F79EFBC}") = "Assembly-CSharp-Editor", "Assembly-CSharp-Editor.csproj", "{C52747B9-1652-F8F4-DC00-20E6A5C5A4B1}"
EndProject
Project("{FAE04EC0-301F-11D3-BF4B-00C04F79EFBC}") = "Assembly-CSharp", "Assembly-CSharp.csproj", "{6B948350-AC5F-8CBD-6772-3F03CD1DFFBA}"
EndProject
Global
	GlobalSection(SolutionConfigurationPlatforms) = preSolution
		Debug|Any CPU = Debug|Any CPU
		Release|Any CPU = Release|Any CPU
	EndGlobalSection
	GlobalSection(ProjectConfigurationPlatforms) = postSolution
		{C52747B9-1652-F8F4-DC00-20E6A5C5A4B1}.Debug|Any CPU.ActiveCfg = Debug|Any CPU
		{C52747B9-1652-F8F4-DC00-20E6A5C5A4B1}.Debug|Any CPU.Build.0 = Debug|Any CPU
		{C52747B9-1652-F8F4-DC00-20E6A5C5A4B1}.Release|Any CPU.ActiveCfg = Release|Any CPU
		{C52747B9-1652-F8F4-DC00-20E6A5C5A4B1}.Release|Any CPU.Build.0 = Release|Any CPU
		{6B948350-AC5F-8CBD-6772-3F03CD1DFFBA}.Debug|Any CPU.ActiveCfg = Debug|Any CPU
		{6B948350-AC5F-8CBD-6772-3F03CD1DFFBA}.Debug|Any CPU.Build.0 = Debug|Any CPU
		{6B948350-AC5F-8CBD-6772-3F03CD1DFFBA}.Release|Any CPU.ActiveCfg = Release|Any CPU
		{6B948350-AC5F-8CBD-6772-3F03CD1DFFBA}.Release|Any CPU.Build.0 = Release|Any CPU
	EndGlobalSection
	GlobalSection(SolutionProperties) = preSolution
		HideSolutionNode = FALSE
	EndGlobalSection
EndGlobal
